
Microsoft Visual Studio Solution File, Format Version 12.00
# Visual Studio 15
VisualStudioVersion = 15.0.28307.539
MinimumVisualStudioVersion = 10.0.40219.1
Project("{9A19103F-16F7-4668-BE54-9A1E7A4F7556}") = "PrefixTree", "PrefixTree\PrefixTree.csproj", "{93FEF29B-8551-48E8-AD44-641EF11959FA}"
EndProject
Project("{FAE04EC0-301F-11D3-BF4B-00C04F79EFBC}") = "PrefixTree.Tests", "PrefixTree.Tests\PrefixTree.Tests.csproj", "{15C49E34-B765-445A-A1FD-2D417EC77EF3}"
EndProject
Global
	GlobalSection(SolutionConfigurationPlatforms) = preSolution
		Debug|Any CPU = Debug|Any CPU
		Release|Any CPU = Release|Any CPU
	EndGlobalSection
	GlobalSection(ProjectConfigurationPlatforms) = postSolution
		{93FEF29B-8551-48E8-AD44-641EF11959FA}.Debug|Any CPU.ActiveCfg = Debug|Any CPU
		{93FEF29B-8551-48E8-AD44-641EF11959FA}.Debug|Any CPU.Build.0 = Debug|Any CPU
		{93FEF29B-8551-48E8-AD44-641EF11959FA}.Release|Any CPU.ActiveCfg = Release|Any CPU
		{93FEF29B-8551-48E8-AD44-641EF11959FA}.Release|Any CPU.Build.0 = Release|Any CPU
		{15C49E34-B765-445A-A1FD-2D417EC77EF3}.Debug|Any CPU.ActiveCfg = Debug|Any CPU
		{15C49E34-B765-445A-A1FD-2D417EC77EF3}.Debug|Any CPU.Build.0 = Debug|Any CPU
		{15C49E34-B765-445A-A1FD-2D417EC77EF3}.Release|Any CPU.ActiveCfg = Release|Any CPU
		{15C49E34-B765-445A-A1FD-2D417EC77EF3}.Release|Any CPU.Build.0 = Release|Any CPU
	EndGlobalSection
	GlobalSection(SolutionProperties) = preSolution
		HideSolutionNode = FALSE
	EndGlobalSection
	GlobalSection(ExtensibilityGlobals) = postSolution
		SolutionGuid = {8C082C95-F5E1-4BFD-9A04-5AB7160C7074}
	EndGlobalSection
EndGlobal
